
Microsoft Visual Studio Solution File, Format Version 12.00
# Visual Studio Version 17
VisualStudioVersion = 17.6.33723.286
MinimumVisualStudioVersion = 10.0.40219.1
Project("{FAE04EC0-301F-11D3-BF4B-00C04F79EFBC}") = "mis6", "mis6\mis6.csproj", "{7B890EF3-C35F-40DC-87E1-843FAAAFFF4E}"
EndProject
Project("{FAE04EC0-301F-11D3-BF4B-00C04F79EFBC}") = "Mis6.Tests", "Mis6.Tests\Mis6.Tests.csproj", "{5EA25069-7AFC-4DDE-8CFD-139E86CF53B1}"
EndProject
Global
	GlobalSection(SolutionConfigurationPlatforms) = preSolution
		Debug|Any CPU = Debug|Any CPU
		Release|Any CPU = Release|Any CPU
	EndGlobalSection
	GlobalSection(ProjectConfigurationPlatforms) = postSolution
		{7B890EF3-C35F-40DC-87E1-843FAAAFFF4E}.Debug|Any CPU.ActiveCfg = Debug|Any CPU
		{7B890EF3-C35F-40DC-87E1-843FAAAFFF4E}.Debug|Any CPU.Build.0 = Debug|Any CPU
		{7B890EF3-C35F-40DC-87E1-843FAAAFFF4E}.Release|Any CPU.ActiveCfg = Release|Any CPU
		{7B890EF3-C35F-40DC-87E1-843FAAAFFF4E}.Release|Any CPU.Build.0 = Release|Any CPU
		{5EA25069-7AFC-4DDE-8CFD-139E86CF53B1}.Debug|Any CPU.ActiveCfg = Debug|Any CPU
		{5EA25069-7AFC-4DDE-8CFD-139E86CF53B1}.Debug|Any CPU.Build.0 = Debug|Any CPU
		{5EA25069-7AFC-4DDE-8CFD-139E86CF53B1}.Release|Any CPU.ActiveCfg = Release|Any CPU
		{5EA25069-7AFC-4DDE-8CFD-139E86CF53B1}.Release|Any CPU.Build.0 = Release|Any CPU
	EndGlobalSection
	GlobalSection(SolutionProperties) = preSolution
		HideSolutionNode = FALSE
	EndGlobalSection
	GlobalSection(ExtensibilityGlobals) = postSolution
		SolutionGuid = {BD9C5265-8DB5-4FBA-BA37-761290E3CBE6}
	EndGlobalSection
EndGlobal
